# This file was autogenerated by Stack.
# You should not edit this file by hand.
# For more information, please see the documentation at:
#   https://docs.haskellstack.org/en/stable/lock_files

packages:
- completed:
    hackage: blaze-htmx-0.1.0.0@sha256:cfd799bf5e0693879ad175168f6c78d45cb8f543428fa374f6ffb62fbc8dc52f,1327
    pantry-tree:
      sha256: cb241d2dbe5bf54c3b37adf4b34284f766c6d6a6f408e8af9e0ad6be01c89f8c
      size: 473
  original:
    hackage: blaze-htmx-0.1.0.0
- completed:
    hackage: servant-auth-server-0.4.8.0@sha256:b9137bebf5ca56e4fd20402680e71f5734a6f511f0464e8eff6577aa9947ce35,5521
    pantry-tree:
      sha256: dc2c8e68f97211e1545dae2dd922b15062481903610aa5868dc3aa5df1f8f2b6
      size: 1376
  original:
    hackage: servant-auth-server-0.4.8.0
- completed:
    hackage: servant-auth-0.4.1.0@sha256:8feb79992ba0bfca6a354916a86165c23b7d7713c71e8f238426907080f8d4a3,2257
    pantry-tree:
      sha256: 88e9d08d935ba041e4eb85ee7e024692109a1dd2e527ef8b6a77d21f39ce4bd7
      size: 332
  original:
    hackage: servant-auth-0.4.1.0
- completed:
    hackage: servant-websockets-2.0.0@sha256:6e9e3600bced90fd52ed3d1bf632205cb21479075b20d6637153cc4567000234,2253
    pantry-tree:
      sha256: 085c6620bff7671bef1d969652a349271c3703fbf10dd753cb63ee1cd700bca5
      size: 523
  original:
    hackage: servant-websockets-2.0.0
snapshots:
- completed:
    sha256: 85d2382958c178491d3fe50d770a624621f5ab456beef7d31ac7521f780c9bc7
    size: 640042
    url: https://raw.githubusercontent.com/commercialhaskell/stackage-snapshots/master/lts/21/17.yaml
  original:
    url: https://raw.githubusercontent.com/commercialhaskell/stackage-snapshots/master/lts/21/17.yaml
